{
  "nodes": {
    "libation_src": {
      "flake": false,
      "locked": {
        "lastModified": 1750869830,
        "narHash": "sha256-zzkKzvhQGKjSbvzNTpblUvOdGjv2itxu9qgc/MgRawQ=",
        "owner": "rmcrackan",
        "repo": "Libation",
        "rev": "f511041781c5df1c553f2fe41ef5e00c5029c069",
        "type": "github"
      },
      "original": {
        "owner": "rmcrackan",
        "repo": "Libation",
        "type": "github"
      }
    },
    "nixpkgs": {
      "locked": {
        "lastModified": 1751582995,
        "narHash": "sha256-u7ubvtxdTnFPpV27AHpgoKn7qHuE7sgWgza/1oj5nzA=",
        "owner": "NixOS",
        "repo": "nixpkgs",
        "rev": "7a732ed41ca0dd64b4b71b563ab9805a80a7d693",
        "type": "github"
      },
      "original": {
        "owner": "NixOS",
        "ref": "nixos-25.05",
        "repo": "nixpkgs",
        "type": "github"
      }
    },
    "root": {
      "inputs": {
        "libation_src": "libation_src",
        "nixpkgs": "nixpkgs"
      }
    }
  },
  "root": "root",
  "version": 7
}
